PODS:
  - Alamofire (5.6.4)
  - xAPI_New (1.1.2):
    - Alamofire
    - xExtension
  - xDefine (1.0.6)
  - xExtension (1.1.6):
    - xDefine

DEPENDENCIES:
  - xAPI_New (from `../`)

SPEC REPOS:
  https://github.com/kaibuleite/xSpecs.git:
    - xDefine
    - xExtension
  https://mirrors.tuna.tsinghua.edu.cn/git/CocoaPods/Specs.git:
    - Alamofire

EXTERNAL SOURCES:
  xAPI_New:
    :path: "../"

SPEC CHECKSUMS:
  Alamofire: 4e95d97098eacb88856099c4fc79b526a299e48c
  xAPI_New: b9356116aaa2d3472c132eef461d3a3e4d6332bd
  xDefine: 74915e20fdc2bb56dc50e981684d532baa7200ab
  xExtension: ad23e756488b0b352b253626375ec6a77459538b

PODFILE CHECKSUM: cb1591964fd8a702aa08581a93345dfb29a63643

COCOAPODS: 1.11.3
